
Microsoft Visual Studio Solution File, Format Version 12.00
# Visual Studio Version 17
VisualStudioVersion = 17.0.31903.59
MinimumVisualStudioVersion = 10.0.40219.1
Project("{2150E333-8FDC-42A3-9474-1A3956D46DE8}") = "src", "src", "{827E0CD3-B72D-47B6-A68D-7590B98EB39B}"
EndProject
Project("{FAE04EC0-301F-11D3-BF4B-00C04F79EFBC}") = "ServantClaw.Host", "src\ServantClaw.Host\ServantClaw.Host.csproj", "{855A4111-2F5A-4E8A-9EEF-874C958CE13B}"
EndProject
Project("{FAE04EC0-301F-11D3-BF4B-00C04F79EFBC}") = "ServantClaw.Application", "src\ServantClaw.Application\ServantClaw.Application.csproj", "{73226859-C122-4D08-8676-22E2F914571F}"
EndProject
Project("{FAE04EC0-301F-11D3-BF4B-00C04F79EFBC}") = "ServantClaw.Domain", "src\ServantClaw.Domain\ServantClaw.Domain.csproj", "{BEDBA887-EB02-4A4B-B2AC-651114A2FDA2}"
EndProject
Project("{FAE04EC0-301F-11D3-BF4B-00C04F79EFBC}") = "ServantClaw.Infrastructure", "src\ServantClaw.Infrastructure\ServantClaw.Infrastructure.csproj", "{57BE3361-8DE6-4150-90CE-8E4BED5651D5}"
EndProject
Project("{FAE04EC0-301F-11D3-BF4B-00C04F79EFBC}") = "ServantClaw.Telegram", "src\ServantClaw.Telegram\ServantClaw.Telegram.csproj", "{B25A26B9-0A62-4790-BD66-C64FDE13880E}"
EndProject
Project("{FAE04EC0-301F-11D3-BF4B-00C04F79EFBC}") = "ServantClaw.Codex", "src\ServantClaw.Codex\ServantClaw.Codex.csproj", "{087D1251-3A0B-4E87-8934-B08CE17A5440}"
EndProject
Project("{FAE04EC0-301F-11D3-BF4B-00C04F79EFBC}") = "ServantClaw.UnitTests", "tests\ServantClaw.UnitTests\ServantClaw.UnitTests.csproj", "{037A8C33-422A-422B-BCB4-B9A2C2760C11}"
EndProject
Project("{FAE04EC0-301F-11D3-BF4B-00C04F79EFBC}") = "ServantClaw.IntegrationTests", "tests\ServantClaw.IntegrationTests\ServantClaw.IntegrationTests.csproj", "{82166D03-FC1E-44E6-AC92-E08E570EF8D6}"
EndProject
Project("{2150E333-8FDC-42A3-9474-1A3956D46DE8}") = "tests", "tests", "{0AB3BF05-4346-4AA6-1389-037BE0695223}"
EndProject
Project("{FAE04EC0-301F-11D3-BF4B-00C04F79EFBC}") = "ServantClaw.ArchitectureTests", "tests\ServantClaw.ArchitectureTests\ServantClaw.ArchitectureTests.csproj", "{115F35EA-CB67-4709-A22E-40B7585E8A8D}"
EndProject
Global
	GlobalSection(SolutionConfigurationPlatforms) = preSolution
		Debug|Any CPU = Debug|Any CPU
		Debug|x64 = Debug|x64
		Debug|x86 = Debug|x86
		Release|Any CPU = Release|Any CPU
		Release|x64 = Release|x64
		Release|x86 = Release|x86
	EndGlobalSection
	GlobalSection(ProjectConfigurationPlatforms) = postSolution
		{855A4111-2F5A-4E8A-9EEF-874C958CE13B}.Debug|Any CPU.ActiveCfg = Debug|Any CPU
		{855A4111-2F5A-4E8A-9EEF-874C958CE13B}.Debug|Any CPU.Build.0 = Debug|Any CPU
		{855A4111-2F5A-4E8A-9EEF-874C958CE13B}.Debug|x64.ActiveCfg = Debug|Any CPU
		{855A4111-2F5A-4E8A-9EEF-874C958CE13B}.Debug|x64.Build.0 = Debug|Any CPU
		{855A4111-2F5A-4E8A-9EEF-874C958CE13B}.Debug|x86.ActiveCfg = Debug|Any CPU
		{855A4111-2F5A-4E8A-9EEF-874C958CE13B}.Debug|x86.Build.0 = Debug|Any CPU
		{855A4111-2F5A-4E8A-9EEF-874C958CE13B}.Release|Any CPU.ActiveCfg = Release|Any CPU
		{855A4111-2F5A-4E8A-9EEF-874C958CE13B}.Release|Any CPU.Build.0 = Release|Any CPU
		{855A4111-2F5A-4E8A-9EEF-874C958CE13B}.Release|x64.ActiveCfg = Release|Any CPU
		{855A4111-2F5A-4E8A-9EEF-874C958CE13B}.Release|x64.Build.0 = Release|Any CPU
		{855A4111-2F5A-4E8A-9EEF-874C958CE13B}.Release|x86.ActiveCfg = Release|Any CPU
		{855A4111-2F5A-4E8A-9EEF-874C958CE13B}.Release|x86.Build.0 = Release|Any CPU
		{73226859-C122-4D08-8676-22E2F914571F}.Debug|Any CPU.ActiveCfg = Debug|Any CPU
		{73226859-C122-4D08-8676-22E2F914571F}.Debug|Any CPU.Build.0 = Debug|Any CPU
		{73226859-C122-4D08-8676-22E2F914571F}.Debug|x64.ActiveCfg = Debug|Any CPU
		{73226859-C122-4D08-8676-22E2F914571F}.Debug|x64.Build.0 = Debug|Any CPU
		{73226859-C122-4D08-8676-22E2F914571F}.Debug|x86.ActiveCfg = Debug|Any CPU
		{73226859-C122-4D08-8676-22E2F914571F}.Debug|x86.Build.0 = Debug|Any CPU
		{73226859-C122-4D08-8676-22E2F914571F}.Release|Any CPU.ActiveCfg = Release|Any CPU
		{73226859-C122-4D08-8676-22E2F914571F}.Release|Any CPU.Build.0 = Release|Any CPU
		{73226859-C122-4D08-8676-22E2F914571F}.Release|x64.ActiveCfg = Release|Any CPU
		{73226859-C122-4D08-8676-22E2F914571F}.Release|x64.Build.0 = Release|Any CPU
		{73226859-C122-4D08-8676-22E2F914571F}.Release|x86.ActiveCfg = Release|Any CPU
		{73226859-C122-4D08-8676-22E2F914571F}.Release|x86.Build.0 = Release|Any CPU
		{BEDBA887-EB02-4A4B-B2AC-651114A2FDA2}.Debug|Any CPU.ActiveCfg = Debug|Any CPU
		{BEDBA887-EB02-4A4B-B2AC-651114A2FDA2}.Debug|Any CPU.Build.0 = Debug|Any CPU
		{BEDBA887-EB02-4A4B-B2AC-651114A2FDA2}.Debug|x64.ActiveCfg = Debug|Any CPU
		{BEDBA887-EB02-4A4B-B2AC-651114A2FDA2}.Debug|x64.Build.0 = Debug|Any CPU
		{BEDBA887-EB02-4A4B-B2AC-651114A2FDA2}.Debug|x86.ActiveCfg = Debug|Any CPU
		{BEDBA887-EB02-4A4B-B2AC-651114A2FDA2}.Debug|x86.Build.0 = Debug|Any CPU
		{BEDBA887-EB02-4A4B-B2AC-651114A2FDA2}.Release|Any CPU.ActiveCfg = Release|Any CPU
		{BEDBA887-EB02-4A4B-B2AC-651114A2FDA2}.Release|Any CPU.Build.0 = Release|Any CPU
		{BEDBA887-EB02-4A4B-B2AC-651114A2FDA2}.Release|x64.ActiveCfg = Release|Any CPU
		{BEDBA887-EB02-4A4B-B2AC-651114A2FDA2}.Release|x64.Build.0 = Release|Any CPU
		{BEDBA887-EB02-4A4B-B2AC-651114A2FDA2}.Release|x86.ActiveCfg = Release|Any CPU
		{BEDBA887-EB02-4A4B-B2AC-651114A2FDA2}.Release|x86.Build.0 = Release|Any CPU
		{57BE3361-8DE6-4150-90CE-8E4BED5651D5}.Debug|Any CPU.ActiveCfg = Debug|Any CPU
		{57BE3361-8DE6-4150-90CE-8E4BED5651D5}.Debug|Any CPU.Build.0 = Debug|Any CPU
		{57BE3361-8DE6-4150-90CE-8E4BED5651D5}.Debug|x64.ActiveCfg = Debug|Any CPU
		{57BE3361-8DE6-4150-90CE-8E4BED5651D5}.Debug|x64.Build.0 = Debug|Any CPU
		{57BE3361-8DE6-4150-90CE-8E4BED5651D5}.Debug|x86.ActiveCfg = Debug|Any CPU
		{57BE3361-8DE6-4150-90CE-8E4BED5651D5}.Debug|x86.Build.0 = Debug|Any CPU
		{57BE3361-8DE6-4150-90CE-8E4BED5651D5}.Release|Any CPU.ActiveCfg = Release|Any CPU
		{57BE3361-8DE6-4150-90CE-8E4BED5651D5}.Release|Any CPU.Build.0 = Release|Any CPU
		{57BE3361-8DE6-4150-90CE-8E4BED5651D5}.Release|x64.ActiveCfg = Release|Any CPU
		{57BE3361-8DE6-4150-90CE-8E4BED5651D5}.Release|x64.Build.0 = Release|Any CPU
		{57BE3361-8DE6-4150-90CE-8E4BED5651D5}.Release|x86.ActiveCfg = Release|Any CPU
		{57BE3361-8DE6-4150-90CE-8E4BED5651D5}.Release|x86.Build.0 = Release|Any CPU
		{B25A26B9-0A62-4790-BD66-C64FDE13880E}.Debug|Any CPU.ActiveCfg = Debug|Any CPU
		{B25A26B9-0A62-4790-BD66-C64FDE13880E}.Debug|Any CPU.Build.0 = Debug|Any CPU
		{B25A26B9-0A62-4790-BD66-C64FDE13880E}.Debug|x64.ActiveCfg = Debug|Any CPU
		{B25A26B9-0A62-4790-BD66-C64FDE13880E}.Debug|x64.Build.0 = Debug|Any CPU
		{B25A26B9-0A62-4790-BD66-C64FDE13880E}.Debug|x86.ActiveCfg = Debug|Any CPU
		{B25A26B9-0A62-4790-BD66-C64FDE13880E}.Debug|x86.Build.0 = Debug|Any CPU
		{B25A26B9-0A62-4790-BD66-C64FDE13880E}.Release|Any CPU.ActiveCfg = Release|Any CPU
		{B25A26B9-0A62-4790-BD66-C64FDE13880E}.Release|Any CPU.Build.0 = Release|Any CPU
		{B25A26B9-0A62-4790-BD66-C64FDE13880E}.Release|x64.ActiveCfg = Release|Any CPU
		{B25A26B9-0A62-4790-BD66-C64FDE13880E}.Release|x64.Build.0 = Release|Any CPU
		{B25A26B9-0A62-4790-BD66-C64FDE13880E}.Release|x86.ActiveCfg = Release|Any CPU
		{B25A26B9-0A62-4790-BD66-C64FDE13880E}.Release|x86.Build.0 = Release|Any CPU
		{087D1251-3A0B-4E87-8934-B08CE17A5440}.Debug|Any CPU.ActiveCfg = Debug|Any CPU
		{087D1251-3A0B-4E87-8934-B08CE17A5440}.Debug|Any CPU.Build.0 = Debug|Any CPU
		{087D1251-3A0B-4E87-8934-B08CE17A5440}.Debug|x64.ActiveCfg = Debug|Any CPU
		{087D1251-3A0B-4E87-8934-B08CE17A5440}.Debug|x64.Build.0 = Debug|Any CPU
		{087D1251-3A0B-4E87-8934-B08CE17A5440}.Debug|x86.ActiveCfg = Debug|Any CPU
		{087D1251-3A0B-4E87-8934-B08CE17A5440}.Debug|x86.Build.0 = Debug|Any CPU
		{087D1251-3A0B-4E87-8934-B08CE17A5440}.Release|Any CPU.ActiveCfg = Release|Any CPU
		{087D1251-3A0B-4E87-8934-B08CE17A5440}.Release|Any CPU.Build.0 = Release|Any CPU
		{087D1251-3A0B-4E87-8934-B08CE17A5440}.Release|x64.ActiveCfg = Release|Any CPU
		{087D1251-3A0B-4E87-8934-B08CE17A5440}.Release|x64.Build.0 = Release|Any CPU
		{087D1251-3A0B-4E87-8934-B08CE17A5440}.Release|x86.ActiveCfg = Release|Any CPU
		{087D1251-3A0B-4E87-8934-B08CE17A5440}.Release|x86.Build.0 = Release|Any CPU
		{037A8C33-422A-422B-BCB4-B9A2C2760C11}.Debug|Any CPU.ActiveCfg = Debug|Any CPU
		{037A8C33-422A-422B-BCB4-B9A2C2760C11}.Debug|Any CPU.Build.0 = Debug|Any CPU
		{037A8C33-422A-422B-BCB4-B9A2C2760C11}.Debug|x64.ActiveCfg = Debug|Any CPU
		{037A8C33-422A-422B-BCB4-B9A2C2760C11}.Debug|x64.Build.0 = Debug|Any CPU
		{037A8C33-422A-422B-BCB4-B9A2C2760C11}.Debug|x86.ActiveCfg = Debug|Any CPU
		{037A8C33-422A-422B-BCB4-B9A2C2760C11}.Debug|x86.Build.0 = Debug|Any CPU
		{037A8C33-422A-422B-BCB4-B9A2C2760C11}.Release|Any CPU.ActiveCfg = Release|Any CPU
		{037A8C33-422A-422B-BCB4-B9A2C2760C11}.Release|Any CPU.Build.0 = Release|Any CPU
		{037A8C33-422A-422B-BCB4-B9A2C2760C11}.Release|x64.ActiveCfg = Release|Any CPU
		{037A8C33-422A-422B-BCB4-B9A2C2760C11}.Release|x64.Build.0 = Release|Any CPU
		{037A8C33-422A-422B-BCB4-B9A2C2760C11}.Release|x86.ActiveCfg = Release|Any CPU
		{037A8C33-422A-422B-BCB4-B9A2C2760C11}.Release|x86.Build.0 = Release|Any CPU
		{82166D03-FC1E-44E6-AC92-E08E570EF8D6}.Debug|Any CPU.ActiveCfg = Debug|Any CPU
		{82166D03-FC1E-44E6-AC92-E08E570EF8D6}.Debug|Any CPU.Build.0 = Debug|Any CPU
		{82166D03-FC1E-44E6-AC92-E08E570EF8D6}.Debug|x64.ActiveCfg = Debug|Any CPU
		{82166D03-FC1E-44E6-AC92-E08E570EF8D6}.Debug|x64.Build.0 = Debug|Any CPU
		{82166D03-FC1E-44E6-AC92-E08E570EF8D6}.Debug|x86.ActiveCfg = Debug|Any CPU
		{82166D03-FC1E-44E6-AC92-E08E570EF8D6}.Debug|x86.Build.0 = Debug|Any CPU
		{82166D03-FC1E-44E6-AC92-E08E570EF8D6}.Release|Any CPU.ActiveCfg = Release|Any CPU
		{82166D03-FC1E-44E6-AC92-E08E570EF8D6}.Release|Any CPU.Build.0 = Release|Any CPU
		{82166D03-FC1E-44E6-AC92-E08E570EF8D6}.Release|x64.ActiveCfg = Release|Any CPU
		{82166D03-FC1E-44E6-AC92-E08E570EF8D6}.Release|x64.Build.0 = Release|Any CPU
		{82166D03-FC1E-44E6-AC92-E08E570EF8D6}.Release|x86.ActiveCfg = Release|Any CPU
		{82166D03-FC1E-44E6-AC92-E08E570EF8D6}.Release|x86.Build.0 = Release|Any CPU
		{115F35EA-CB67-4709-A22E-40B7585E8A8D}.Debug|Any CPU.ActiveCfg = Debug|Any CPU
		{115F35EA-CB67-4709-A22E-40B7585E8A8D}.Debug|Any CPU.Build.0 = Debug|Any CPU
		{115F35EA-CB67-4709-A22E-40B7585E8A8D}.Debug|x64.ActiveCfg = Debug|Any CPU
		{115F35EA-CB67-4709-A22E-40B7585E8A8D}.Debug|x64.Build.0 = Debug|Any CPU
		{115F35EA-CB67-4709-A22E-40B7585E8A8D}.Debug|x86.ActiveCfg = Debug|Any CPU
		{115F35EA-CB67-4709-A22E-40B7585E8A8D}.Debug|x86.Build.0 = Debug|Any CPU
		{115F35EA-CB67-4709-A22E-40B7585E8A8D}.Release|Any CPU.ActiveCfg = Release|Any CPU
		{115F35EA-CB67-4709-A22E-40B7585E8A8D}.Release|Any CPU.Build.0 = Release|Any CPU
		{115F35EA-CB67-4709-A22E-40B7585E8A8D}.Release|x64.ActiveCfg = Release|Any CPU
		{115F35EA-CB67-4709-A22E-40B7585E8A8D}.Release|x64.Build.0 = Release|Any CPU
		{115F35EA-CB67-4709-A22E-40B7585E8A8D}.Release|x86.ActiveCfg = Release|Any CPU
		{115F35EA-CB67-4709-A22E-40B7585E8A8D}.Release|x86.Build.0 = Release|Any CPU
	EndGlobalSection
	GlobalSection(SolutionProperties) = preSolution
		HideSolutionNode = FALSE
	EndGlobalSection
	GlobalSection(NestedProjects) = preSolution
		{855A4111-2F5A-4E8A-9EEF-874C958CE13B} = {827E0CD3-B72D-47B6-A68D-7590B98EB39B}
		{73226859-C122-4D08-8676-22E2F914571F} = {827E0CD3-B72D-47B6-A68D-7590B98EB39B}
		{BEDBA887-EB02-4A4B-B2AC-651114A2FDA2} = {827E0CD3-B72D-47B6-A68D-7590B98EB39B}
		{57BE3361-8DE6-4150-90CE-8E4BED5651D5} = {827E0CD3-B72D-47B6-A68D-7590B98EB39B}
		{B25A26B9-0A62-4790-BD66-C64FDE13880E} = {827E0CD3-B72D-47B6-A68D-7590B98EB39B}
		{087D1251-3A0B-4E87-8934-B08CE17A5440} = {827E0CD3-B72D-47B6-A68D-7590B98EB39B}
		{037A8C33-422A-422B-BCB4-B9A2C2760C11} = {827E0CD3-B72D-47B6-A68D-7590B98EB39B}
		{82166D03-FC1E-44E6-AC92-E08E570EF8D6} = {827E0CD3-B72D-47B6-A68D-7590B98EB39B}
		{115F35EA-CB67-4709-A22E-40B7585E8A8D} = {0AB3BF05-4346-4AA6-1389-037BE0695223}
	EndGlobalSection
EndGlobal
